
Microsoft Visual Studio Solution File, Format Version 12.00
# Visual Studio Version 17
VisualStudioVersion = 17.7.34202.233
MinimumVisualStudioVersion = 10.0.40219.1
Project("{9A19103F-16F7-4668-BE54-9A1E7A4F7556}") = "SunTransfersApp", "SunTransfersApp\SunTransfersApp.csproj", "{DD86D8DE-4260-4816-8B59-8B1AF93AF86C}"
EndProject
Global
	GlobalSection(SolutionConfigurationPlatforms) = preSolution
		Debug|Any CPU = Debug|Any CPU
		Release|Any CPU = Release|Any CPU
	EndGlobalSection
	GlobalSection(ProjectConfigurationPlatforms) = postSolution
		{DD86D8DE-4260-4816-8B59-8B1AF93AF86C}.Debug|Any CPU.ActiveCfg = Debug|Any CPU
		{DD86D8DE-4260-4816-8B59-8B1AF93AF86C}.Debug|Any CPU.Build.0 = Debug|Any CPU
		{DD86D8DE-4260-4816-8B59-8B1AF93AF86C}.Release|Any CPU.ActiveCfg = Release|Any CPU
		{DD86D8DE-4260-4816-8B59-8B1AF93AF86C}.Release|Any CPU.Build.0 = Release|Any CPU
	EndGlobalSection
	GlobalSection(SolutionProperties) = preSolution
		HideSolutionNode = FALSE
	EndGlobalSection
	GlobalSection(ExtensibilityGlobals) = postSolution
		SolutionGuid = {49AA0FF2-FF30-4977-8828-97603C8E5C9C}
	EndGlobalSection
EndGlobal
